
Microsoft Visual Studio Solution File, Format Version 12.00
# Visual Studio Version 17
VisualStudioVersion = 17.11.35219.272
MinimumVisualStudioVersion = 10.0.40219.1
Project("{9A19103F-16F7-4668-BE54-9A1E7A4F7556}") = "Restapi-net8", "Restapi-net8\Restapi-net8.csproj", "{B7589DDD-B241-435F-A24C-1D48F2679AE4}"
EndProject
Project("{E53339B2-1760-4266-BCC7-CA923CBCF16C}") = "docker-compose", "docker-compose.dcproj", "{05D8C8CC-AC54-4597-B97B-DE77043EEA6E}"
EndProject
Global
	GlobalSection(SolutionConfigurationPlatforms) = preSolution
		Debug|Any CPU = Debug|Any CPU
		Release|Any CPU = Release|Any CPU
	EndGlobalSection
	GlobalSection(ProjectConfigurationPlatforms) = postSolution
		{B7589DDD-B241-435F-A24C-1D48F2679AE4}.Debug|Any CPU.ActiveCfg = Debug|Any CPU
		{B7589DDD-B241-435F-A24C-1D48F2679AE4}.Debug|Any CPU.Build.0 = Debug|Any CPU
		{B7589DDD-B241-435F-A24C-1D48F2679AE4}.Release|Any CPU.ActiveCfg = Release|Any CPU
		{B7589DDD-B241-435F-A24C-1D48F2679AE4}.Release|Any CPU.Build.0 = Release|Any CPU
		{05D8C8CC-AC54-4597-B97B-DE77043EEA6E}.Debug|Any CPU.ActiveCfg = Debug|Any CPU
		{05D8C8CC-AC54-4597-B97B-DE77043EEA6E}.Debug|Any CPU.Build.0 = Debug|Any CPU
		{05D8C8CC-AC54-4597-B97B-DE77043EEA6E}.Release|Any CPU.ActiveCfg = Release|Any CPU
		{05D8C8CC-AC54-4597-B97B-DE77043EEA6E}.Release|Any CPU.Build.0 = Release|Any CPU
	EndGlobalSection
	GlobalSection(SolutionProperties) = preSolution
		HideSolutionNode = FALSE
	EndGlobalSection
	GlobalSection(ExtensibilityGlobals) = postSolution
		SolutionGuid = {5AD22B1F-81FD-4F05-A03D-4E8F67609C5B}
	EndGlobalSection
EndGlobal
